
Microsoft Visual Studio Solution File, Format Version 11.00
# Visual Studio 2010
Project("{FAE04EC0-301F-11D3-BF4B-00C04F79EFBC}") = "COMSingletons", "COMSingletons\COMSingletons.csproj", "{0B836DD8-0306-4630-8E6C-A04BD1FFC34F}"
EndProject
Project("{FAE04EC0-301F-11D3-BF4B-00C04F79EFBC}") = "COMServer", "COMServer\COMServer.csproj", "{E59D9793-030F-4794-9433-8DD489953F68}"
EndProject
Project("{FAE04EC0-301F-11D3-BF4B-00C04F79EFBC}") = "SingletonLibrary", "SingletonLibrary\SingletonLibrary.csproj", "{03E77625-48D8-41FD-84F5-27E62C14E112}"
EndProject
Project("{8BC9CEB8-8B4A-11D0-8D11-00A0C91BC942}") = "NativeLibrary", "NativeLibrary\NativeLibrary.vcxproj", "{67160AED-77CE-462C-B2EB-9FA7B57201EF}"
EndProject
Global
	GlobalSection(SolutionConfigurationPlatforms) = preSolution
		Debug|Any CPU = Debug|Any CPU
		Debug|Mixed Platforms = Debug|Mixed Platforms
		Debug|Win32 = Debug|Win32
		Debug|x86 = Debug|x86
		Release|Any CPU = Release|Any CPU
		Release|Mixed Platforms = Release|Mixed Platforms
		Release|Win32 = Release|Win32
		Release|x86 = Release|x86
	EndGlobalSection
	GlobalSection(ProjectConfigurationPlatforms) = postSolution
		{0B836DD8-0306-4630-8E6C-A04BD1FFC34F}.Debug|Any CPU.ActiveCfg = Debug|x86
		{0B836DD8-0306-4630-8E6C-A04BD1FFC34F}.Debug|Any CPU.Build.0 = Debug|x86
		{0B836DD8-0306-4630-8E6C-A04BD1FFC34F}.Debug|Mixed Platforms.ActiveCfg = Debug|x86
		{0B836DD8-0306-4630-8E6C-A04BD1FFC34F}.Debug|Mixed Platforms.Build.0 = Debug|x86
		{0B836DD8-0306-4630-8E6C-A04BD1FFC34F}.Debug|Win32.ActiveCfg = Debug|x86
		{0B836DD8-0306-4630-8E6C-A04BD1FFC34F}.Debug|x86.ActiveCfg = Debug|x86
		{0B836DD8-0306-4630-8E6C-A04BD1FFC34F}.Debug|x86.Build.0 = Debug|x86
		{0B836DD8-0306-4630-8E6C-A04BD1FFC34F}.Release|Any CPU.ActiveCfg = Release|x86
		{0B836DD8-0306-4630-8E6C-A04BD1FFC34F}.Release|Mixed Platforms.ActiveCfg = Release|x86
		{0B836DD8-0306-4630-8E6C-A04BD1FFC34F}.Release|Mixed Platforms.Build.0 = Release|x86
		{0B836DD8-0306-4630-8E6C-A04BD1FFC34F}.Release|Win32.ActiveCfg = Release|x86
		{0B836DD8-0306-4630-8E6C-A04BD1FFC34F}.Release|x86.ActiveCfg = Release|x86
		{0B836DD8-0306-4630-8E6C-A04BD1FFC34F}.Release|x86.Build.0 = Release|x86
		{E59D9793-030F-4794-9433-8DD489953F68}.Debug|Any CPU.ActiveCfg = Debug|x86
		{E59D9793-030F-4794-9433-8DD489953F68}.Debug|Any CPU.Build.0 = Debug|x86
		{E59D9793-030F-4794-9433-8DD489953F68}.Debug|Mixed Platforms.ActiveCfg = Debug|x86
		{E59D9793-030F-4794-9433-8DD489953F68}.Debug|Mixed Platforms.Build.0 = Debug|x86
		{E59D9793-030F-4794-9433-8DD489953F68}.Debug|Win32.ActiveCfg = Debug|x86
		{E59D9793-030F-4794-9433-8DD489953F68}.Debug|x86.ActiveCfg = Debug|x86
		{E59D9793-030F-4794-9433-8DD489953F68}.Debug|x86.Build.0 = Debug|x86
		{E59D9793-030F-4794-9433-8DD489953F68}.Release|Any CPU.ActiveCfg = Release|x86
		{E59D9793-030F-4794-9433-8DD489953F68}.Release|Mixed Platforms.ActiveCfg = Release|x86
		{E59D9793-030F-4794-9433-8DD489953F68}.Release|Mixed Platforms.Build.0 = Release|x86
		{E59D9793-030F-4794-9433-8DD489953F68}.Release|Win32.ActiveCfg = Release|x86
		{E59D9793-030F-4794-9433-8DD489953F68}.Release|x86.ActiveCfg = Release|x86
		{E59D9793-030F-4794-9433-8DD489953F68}.Release|x86.Build.0 = Release|x86
		{03E77625-48D8-41FD-84F5-27E62C14E112}.Debug|Any CPU.ActiveCfg = Debug|Any CPU
		{03E77625-48D8-41FD-84F5-27E62C14E112}.Debug|Any CPU.Build.0 = Debug|Any CPU
		{03E77625-48D8-41FD-84F5-27E62C14E112}.Debug|Mixed Platforms.ActiveCfg = Debug|Any CPU
		{03E77625-48D8-41FD-84F5-27E62C14E112}.Debug|Mixed Platforms.Build.0 = Debug|Any CPU
		{03E77625-48D8-41FD-84F5-27E62C14E112}.Debug|Win32.ActiveCfg = Debug|Any CPU
		{03E77625-48D8-41FD-84F5-27E62C14E112}.Debug|x86.ActiveCfg = Debug|Any CPU
		{03E77625-48D8-41FD-84F5-27E62C14E112}.Release|Any CPU.ActiveCfg = Release|Any CPU
		{03E77625-48D8-41FD-84F5-27E62C14E112}.Release|Any CPU.Build.0 = Release|Any CPU
		{03E77625-48D8-41FD-84F5-27E62C14E112}.Release|Mixed Platforms.ActiveCfg = Release|Any CPU
		{03E77625-48D8-41FD-84F5-27E62C14E112}.Release|Mixed Platforms.Build.0 = Release|Any CPU
		{03E77625-48D8-41FD-84F5-27E62C14E112}.Release|Win32.ActiveCfg = Release|Any CPU
		{03E77625-48D8-41FD-84F5-27E62C14E112}.Release|x86.ActiveCfg = Release|Any CPU
		{67160AED-77CE-462C-B2EB-9FA7B57201EF}.Debug|Any CPU.ActiveCfg = Debug|Win32
		{67160AED-77CE-462C-B2EB-9FA7B57201EF}.Debug|Any CPU.Build.0 = Debug|Win32
		{67160AED-77CE-462C-B2EB-9FA7B57201EF}.Debug|Mixed Platforms.ActiveCfg = Debug|Win32
		{67160AED-77CE-462C-B2EB-9FA7B57201EF}.Debug|Mixed Platforms.Build.0 = Debug|Win32
		{67160AED-77CE-462C-B2EB-9FA7B57201EF}.Debug|Win32.ActiveCfg = Debug|Win32
		{67160AED-77CE-462C-B2EB-9FA7B57201EF}.Debug|Win32.Build.0 = Debug|Win32
		{67160AED-77CE-462C-B2EB-9FA7B57201EF}.Debug|x86.ActiveCfg = Debug|Win32
		{67160AED-77CE-462C-B2EB-9FA7B57201EF}.Release|Any CPU.ActiveCfg = Release|Win32
		{67160AED-77CE-462C-B2EB-9FA7B57201EF}.Release|Mixed Platforms.ActiveCfg = Release|Win32
		{67160AED-77CE-462C-B2EB-9FA7B57201EF}.Release|Mixed Platforms.Build.0 = Release|Win32
		{67160AED-77CE-462C-B2EB-9FA7B57201EF}.Release|Win32.ActiveCfg = Release|Win32
		{67160AED-77CE-462C-B2EB-9FA7B57201EF}.Release|Win32.Build.0 = Release|Win32
		{67160AED-77CE-462C-B2EB-9FA7B57201EF}.Release|x86.ActiveCfg = Release|Win32
	EndGlobalSection
	GlobalSection(SolutionProperties) = preSolution
		HideSolutionNode = FALSE
	EndGlobalSection
EndGlobal
